
Microsoft Visual Studio Solution File, Format Version 12.00
# Visual Studio Version 16
VisualStudioVersion = 16.0.31321.278
MinimumVisualStudioVersion = 10.0.40219.1
Project("{FAE04EC0-301F-11D3-BF4B-00C04F79EFBC}") = "EfEddb", "EfEddb\EfEddb.csproj", "{A7D63CA6-B7A0-44FA-A198-14A18A3B03EF}"
EndProject
Global
	GlobalSection(SolutionConfigurationPlatforms) = preSolution
		Debug|Any CPU = Debug|Any CPU
		Release|Any CPU = Release|Any CPU
	EndGlobalSection
	GlobalSection(ProjectConfigurationPlatforms) = postSolution
		{A7D63CA6-B7A0-44FA-A198-14A18A3B03EF}.Debug|Any CPU.ActiveCfg = Debug|Any CPU
		{A7D63CA6-B7A0-44FA-A198-14A18A3B03EF}.Debug|Any CPU.Build.0 = Debug|Any CPU
		{A7D63CA6-B7A0-44FA-A198-14A18A3B03EF}.Release|Any CPU.ActiveCfg = Release|Any CPU
		{A7D63CA6-B7A0-44FA-A198-14A18A3B03EF}.Release|Any CPU.Build.0 = Release|Any CPU
	EndGlobalSection
	GlobalSection(SolutionProperties) = preSolution
		HideSolutionNode = FALSE
	EndGlobalSection
	GlobalSection(ExtensibilityGlobals) = postSolution
		SolutionGuid = {1DD7C9B9-224C-4019-8226-ADAB01ABBEC5}
	EndGlobalSection
EndGlobal
